{
    "version": 3,
    "terraform_version": "0.11.7",
    "serial": 33,
    "lineage": "ac587473-2f67-2e20-a4a0-3b8787f1e36b",
    "modules": [
        {
            "path": [
                "root"
            ],
            "outputs": {
                "bastion_public_ip": {
                    "sensitive": false,
                    "type": "string",
                    "value": "34.250.22.204"
                },
                "nginx_domain": {
                    "sensitive": false,
                    "type": "string",
                    "value": "ec2-34-244-38-242.eu-west-1.compute.amazonaws.com"
                }
            },
            "resources": {
                "aws_instance.bastion": {
                    "type": "aws_instance",
                    "depends_on": [
                        "aws_key_pair.bastion_key",
                        "aws_security_group.bastion-sg",
                        "aws_subnet.subnet-a"
                    ],
                    "primary": {
                        "id": "i-01a1932c34daff4d5",
                        "attributes": {
                            "ami": "ami-cdbfa4ab",
                            "associate_public_ip_address": "true",
                            "availability_zone": "eu-west-1a",
                            "credit_specification.#": "1",
                            "credit_specification.0.cpu_credits": "standard",
                            "disable_api_termination": "false",
                            "ebs_block_device.#": "0",
                            "ebs_optimized": "false",
                            "ephemeral_block_device.#": "0",
                            "get_password_data": "false",
                            "iam_instance_profile": "",
                            "id": "i-01a1932c34daff4d5",
                            "instance_state": "running",
                            "instance_type": "t2.micro",
                            "ipv6_addresses.#": "0",
                            "key_name": "bastionkey",
                            "monitoring": "false",
                            "network_interface.#": "0",
                            "network_interface_id": "eni-7c20177a",
                            "password_data": "",
                            "placement_group": "",
                            "primary_network_interface_id": "eni-7c20177a",
                            "private_dns": "ip-10-10-10-26.eu-west-1.compute.internal",
                            "private_ip": "10.10.10.26",
                            "public_dns": "ec2-34-250-22-204.eu-west-1.compute.amazonaws.com",
                            "public_ip": "34.250.22.204",
                            "root_block_device.#": "1",
                            "root_block_device.0.delete_on_termination": "true",
                            "root_block_device.0.iops": "0",
                            "root_block_device.0.volume_id": "vol-070655ccb04622145",
                            "root_block_device.0.volume_size": "8",
                            "root_block_device.0.volume_type": "standard",
                            "security_groups.#": "0",
                            "source_dest_check": "true",
                            "subnet_id": "subnet-bebf68e4",
                            "tags.%": "0",
                            "tenancy": "default",
                            "volume_tags.%": "0",
                            "vpc_security_group_ids.#": "1",
                            "vpc_security_group_ids.980646972": "sg-b6e16cca"
                        },
                        "meta": {
                            "e2bfb730-ecaa-11e6-8f88-34363bc7c4c0": {
                                "create": 600000000000,
                                "delete": 1200000000000,
                                "update": 600000000000
                            },
                            "schema_version": "1"
                        },
                        "tainted": false
                    },
                    "deposed": [],
                    "provider": "provider.aws"
                },
                "aws_instance.instance": {
                    "type": "aws_instance",
                    "depends_on": [
                        "aws_key_pair.vm_key",
                        "aws_security_group.security-group",
                        "aws_subnet.subnet-a"
                    ],
                    "primary": {
                        "id": "i-0eb1313fed68ed92a",
                        "attributes": {
                            "ami": "ami-cdbfa4ab",
                            "associate_public_ip_address": "true",
                            "availability_zone": "eu-west-1a",
                            "credit_specification.#": "1",
                            "credit_specification.0.cpu_credits": "standard",
                            "disable_api_termination": "false",
                            "ebs_block_device.#": "0",
                            "ebs_optimized": "false",
                            "ephemeral_block_device.#": "0",
                            "get_password_data": "false",
                            "iam_instance_profile": "",
                            "id": "i-0eb1313fed68ed92a",
                            "instance_state": "running",
                            "instance_type": "t2.micro",
                            "ipv6_addresses.#": "0",
                            "key_name": "vmkey",
                            "monitoring": "false",
                            "network_interface.#": "0",
                            "network_interface_id": "eni-2a20172c",
                            "password_data": "",
                            "placement_group": "",
                            "primary_network_interface_id": "eni-2a20172c",
                            "private_dns": "ip-10-10-10-28.eu-west-1.compute.internal",
                            "private_ip": "10.10.10.28",
                            "public_dns": "ec2-34-244-38-242.eu-west-1.compute.amazonaws.com",
                            "public_ip": "34.244.38.242",
                            "root_block_device.#": "1",
                            "root_block_device.0.delete_on_termination": "true",
                            "root_block_device.0.iops": "0",
                            "root_block_device.0.volume_id": "vol-0cc28a08b1e27e652",
                            "root_block_device.0.volume_size": "8",
                            "root_block_device.0.volume_type": "standard",
                            "security_groups.#": "0",
                            "source_dest_check": "true",
                            "subnet_id": "subnet-bebf68e4",
                            "tags.%": "0",
                            "tenancy": "default",
                            "user_data": "50650853de4d3f6cfcbaedea4e2ee5e15a25aa71",
                            "volume_tags.%": "0",
                            "vpc_security_group_ids.#": "1",
                            "vpc_security_group_ids.1202250771": "sg-8ce469f0"
                        },
                        "meta": {
                            "e2bfb730-ecaa-11e6-8f88-34363bc7c4c0": {
                                "create": 600000000000,
                                "delete": 1200000000000,
                                "update": 600000000000
                            },
                            "schema_version": "1"
                        },
                        "tainted": false
                    },
                    "deposed": [],
                    "provider": "provider.aws"
                },
                "aws_instance.instance2": {
                    "type": "aws_instance",
                    "depends_on": [
                        "aws_key_pair.vm_key",
                        "aws_security_group.security-group",
                        "aws_subnet.subnet-a"
                    ],
                    "primary": {
                        "id": "i-065ae13ea2bdd7718",
                        "attributes": {
                            "ami": "ami-cdbfa4ab",
                            "associate_public_ip_address": "true",
                            "availability_zone": "eu-west-1a",
                            "credit_specification.#": "1",
                            "credit_specification.0.cpu_credits": "standard",
                            "disable_api_termination": "false",
                            "ebs_block_device.#": "0",
                            "ebs_optimized": "false",
                            "ephemeral_block_device.#": "0",
                            "get_password_data": "false",
                            "iam_instance_profile": "",
                            "id": "i-065ae13ea2bdd7718",
                            "instance_state": "running",
                            "instance_type": "t2.micro",
                            "ipv6_addresses.#": "0",
                            "key_name": "vmkey",
                            "monitoring": "false",
                            "network_interface.#": "0",
                            "network_interface_id": "eni-7d20177b",
                            "password_data": "",
                            "placement_group": "",
                            "primary_network_interface_id": "eni-7d20177b",
                            "private_dns": "ip-10-10-10-16.eu-west-1.compute.internal",
                            "private_ip": "10.10.10.16",
                            "public_dns": "ec2-34-245-152-57.eu-west-1.compute.amazonaws.com",
                            "public_ip": "34.245.152.57",
                            "root_block_device.#": "1",
                            "root_block_device.0.delete_on_termination": "true",
                            "root_block_device.0.iops": "0",
                            "root_block_device.0.volume_id": "vol-0fb4928d134bf96a0",
                            "root_block_device.0.volume_size": "8",
                            "root_block_device.0.volume_type": "standard",
                            "security_groups.#": "0",
                            "source_dest_check": "true",
                            "subnet_id": "subnet-bebf68e4",
                            "tags.%": "0",
                            "tenancy": "default",
                            "user_data": "50650853de4d3f6cfcbaedea4e2ee5e15a25aa71",
                            "volume_tags.%": "0",
                            "vpc_security_group_ids.#": "1",
                            "vpc_security_group_ids.1202250771": "sg-8ce469f0"
                        },
                        "meta": {
                            "e2bfb730-ecaa-11e6-8f88-34363bc7c4c0": {
                                "create": 600000000000,
                                "delete": 1200000000000,
                                "update": 600000000000
                            },
                            "schema_version": "1"
                        },
                        "tainted": false
                    },
                    "deposed": [],
                    "provider": "provider.aws"
                },
                "aws_internet_gateway.igw": {
                    "type": "aws_internet_gateway",
                    "depends_on": [
                        "aws_vpc.vpc"
                    ],
                    "primary": {
                        "id": "igw-9acf9afd",
                        "attributes": {
                            "id": "igw-9acf9afd",
                            "vpc_id": "vpc-36f5ab50"
                        },
                        "meta": {},
                        "tainted": false
                    },
                    "deposed": [],
                    "provider": "provider.aws"
                },
                "aws_key_pair.bastion_key": {
                    "type": "aws_key_pair",
                    "depends_on": [],
                    "primary": {
                        "id": "bastionkey",
                        "attributes": {
                            "id": "bastionkey",
                            "key_name": "bastionkey",
                            "public_key": "ssh-rsa AAAAB3NzaC1yc2EAAAADAQABAAABAQC0gnaIxNKWCupRDUS5d8gl/FHm2keegihvOCy+tQ3XbIyFDQdSGryNxBGcGyPDWoYzK3z1PnTjldJ9kxFVqq3PadJXq9VGYvQ4EB4SE/dVY0ACM9VKmC8kLdBrggNuZxYZc0tY0jJegSZPjvBX74qknW6gW5YghTAf1Y4G3uovJRTcl/yaQck8c3NsUwerppZxrA91XD5vwujD5zaPq+UJAUwvePqzsEi/C6ZYyJiD9KBG9QMNJd9POUWUeAHwTgbbw+er40mKIyIoXBZ47YxlQwKAfnCam7/DQagcqkqKTMuqhz+j19IrAZ95/1w8gyY6tNdmTzyi1XhWFma4NkLt blissnd@blissnd-NUC"
                        },
                        "meta": {
                            "schema_version": "1"
                        },
                        "tainted": false
                    },
                    "deposed": [],
                    "provider": "provider.aws"
                },
                "aws_key_pair.vm_key": {
                    "type": "aws_key_pair",
                    "depends_on": [],
                    "primary": {
                        "id": "vmkey",
                        "attributes": {
                            "id": "vmkey",
                            "key_name": "vmkey",
                            "public_key": "ssh-rsa AAAAB3NzaC1yc2EAAAADAQABAAABAQC0gnaIxNKWCupRDUS5d8gl/FHm2keegihvOCy+tQ3XbIyFDQdSGryNxBGcGyPDWoYzK3z1PnTjldJ9kxFVqq3PadJXq9VGYvQ4EB4SE/dVY0ACM9VKmC8kLdBrggNuZxYZc0tY0jJegSZPjvBX74qknW6gW5YghTAf1Y4G3uovJRTcl/yaQck8c3NsUwerppZxrA91XD5vwujD5zaPq+UJAUwvePqzsEi/C6ZYyJiD9KBG9QMNJd9POUWUeAHwTgbbw+er40mKIyIoXBZ47YxlQwKAfnCam7/DQagcqkqKTMuqhz+j19IrAZ95/1w8gyY6tNdmTzyi1XhWFma4NkLt blissnd@blissnd-NUC"
                        },
                        "meta": {
                            "schema_version": "1"
                        },
                        "tainted": false
                    },
                    "deposed": [],
                    "provider": "provider.aws"
                },
                "aws_route.subnet-route": {
                    "type": "aws_route",
                    "depends_on": [
                        "aws_internet_gateway.igw",
                        "aws_route_table.subnet-route-table"
                    ],
                    "primary": {
                        "id": "r-rtb-f1adec881080289494",
                        "attributes": {
                            "destination_cidr_block": "0.0.0.0/0",
                            "destination_prefix_list_id": "",
                            "egress_only_gateway_id": "",
                            "gateway_id": "igw-9acf9afd",
                            "id": "r-rtb-f1adec881080289494",
                            "instance_id": "",
                            "instance_owner_id": "",
                            "nat_gateway_id": "",
                            "network_interface_id": "",
                            "origin": "CreateRoute",
                            "route_table_id": "rtb-f1adec88",
                            "state": "active",
                            "vpc_peering_connection_id": ""
                        },
                        "meta": {
                            "e2bfb730-ecaa-11e6-8f88-34363bc7c4c0": {
                                "create": 120000000000,
                                "delete": 300000000000
                            }
                        },
                        "tainted": false
                    },
                    "deposed": [],
                    "provider": "provider.aws"
                },
                "aws_route_table.subnet-route-table": {
                    "type": "aws_route_table",
                    "depends_on": [
                        "aws_vpc.vpc"
                    ],
                    "primary": {
                        "id": "rtb-f1adec88",
                        "attributes": {
                            "id": "rtb-f1adec88",
                            "propagating_vgws.#": "0",
                            "route.#": "0",
                            "tags.%": "0",
                            "vpc_id": "vpc-36f5ab50"
                        },
                        "meta": {},
                        "tainted": false
                    },
                    "deposed": [],
                    "provider": "provider.aws"
                },
                "aws_route_table_association.subnet-a-route-table-association": {
                    "type": "aws_route_table_association",
                    "depends_on": [
                        "aws_route_table.subnet-route-table",
                        "aws_subnet.subnet-a"
                    ],
                    "primary": {
                        "id": "rtbassoc-17ee256c",
                        "attributes": {
                            "id": "rtbassoc-17ee256c",
                            "route_table_id": "rtb-f1adec88",
                            "subnet_id": "subnet-bebf68e4"
                        },
                        "meta": {},
                        "tainted": false
                    },
                    "deposed": [],
                    "provider": "provider.aws"
                },
                "aws_route_table_association.subnet-b-route-table-association": {
                    "type": "aws_route_table_association",
                    "depends_on": [
                        "aws_route_table.subnet-route-table",
                        "aws_subnet.subnet-b"
                    ],
                    "primary": {
                        "id": "rtbassoc-a0e328db",
                        "attributes": {
                            "id": "rtbassoc-a0e328db",
                            "route_table_id": "rtb-f1adec88",
                            "subnet_id": "subnet-c922a8af"
                        },
                        "meta": {},
                        "tainted": false
                    },
                    "deposed": [],
                    "provider": "provider.aws"
                },
                "aws_route_table_association.subnet-c-route-table-association": {
                    "type": "aws_route_table_association",
                    "depends_on": [
                        "aws_route_table.subnet-route-table",
                        "aws_subnet.subnet-c"
                    ],
                    "primary": {
                        "id": "rtbassoc-8bec27f0",
                        "attributes": {
                            "id": "rtbassoc-8bec27f0",
                            "route_table_id": "rtb-f1adec88",
                            "subnet_id": "subnet-c94c2981"
                        },
                        "meta": {},
                        "tainted": false
                    },
                    "deposed": [],
                    "provider": "provider.aws"
                },
                "aws_security_group.bastion-sg": {
                    "type": "aws_security_group",
                    "depends_on": [
                        "aws_vpc.vpc"
                    ],
                    "primary": {
                        "id": "sg-b6e16cca",
                        "attributes": {
                            "arn": "arn:aws:ec2:eu-west-1:453998991022:security-group/sg-b6e16cca",
                            "description": "Managed by Terraform",
                            "egress.#": "1",
                            "egress.482069346.cidr_blocks.#": "1",
                            "egress.482069346.cidr_blocks.0": "0.0.0.0/0",
                            "egress.482069346.description": "",
                            "egress.482069346.from_port": "0",
                            "egress.482069346.ipv6_cidr_blocks.#": "0",
                            "egress.482069346.prefix_list_ids.#": "0",
                            "egress.482069346.protocol": "-1",
                            "egress.482069346.security_groups.#": "0",
                            "egress.482069346.self": "false",
                            "egress.482069346.to_port": "0",
                            "id": "sg-b6e16cca",
                            "ingress.#": "1",
                            "ingress.2541437006.cidr_blocks.#": "1",
                            "ingress.2541437006.cidr_blocks.0": "0.0.0.0/0",
                            "ingress.2541437006.description": "",
                            "ingress.2541437006.from_port": "22",
                            "ingress.2541437006.ipv6_cidr_blocks.#": "0",
                            "ingress.2541437006.protocol": "tcp",
                            "ingress.2541437006.security_groups.#": "0",
                            "ingress.2541437006.self": "false",
                            "ingress.2541437006.to_port": "22",
                            "name": "bastion-security-group",
                            "owner_id": "453998991022",
                            "revoke_rules_on_delete": "false",
                            "tags.%": "0",
                            "vpc_id": "vpc-36f5ab50"
                        },
                        "meta": {
                            "e2bfb730-ecaa-11e6-8f88-34363bc7c4c0": {
                                "create": 600000000000,
                                "delete": 600000000000
                            },
                            "schema_version": "1"
                        },
                        "tainted": false
                    },
                    "deposed": [],
                    "provider": "provider.aws"
                },
                "aws_security_group.security-group": {
                    "type": "aws_security_group",
                    "depends_on": [
                        "aws_vpc.vpc"
                    ],
                    "primary": {
                        "id": "sg-8ce469f0",
                        "attributes": {
                            "arn": "arn:aws:ec2:eu-west-1:453998991022:security-group/sg-8ce469f0",
                            "description": "Managed by Terraform",
                            "egress.#": "1",
                            "egress.482069346.cidr_blocks.#": "1",
                            "egress.482069346.cidr_blocks.0": "0.0.0.0/0",
                            "egress.482069346.description": "",
                            "egress.482069346.from_port": "0",
                            "egress.482069346.ipv6_cidr_blocks.#": "0",
                            "egress.482069346.prefix_list_ids.#": "0",
                            "egress.482069346.protocol": "-1",
                            "egress.482069346.security_groups.#": "0",
                            "egress.482069346.self": "false",
                            "egress.482069346.to_port": "0",
                            "id": "sg-8ce469f0",
                            "ingress.#": "4",
                            "ingress.2214680975.cidr_blocks.#": "1",
                            "ingress.2214680975.cidr_blocks.0": "0.0.0.0/0",
                            "ingress.2214680975.description": "",
                            "ingress.2214680975.from_port": "80",
                            "ingress.2214680975.ipv6_cidr_blocks.#": "0",
                            "ingress.2214680975.protocol": "tcp",
                            "ingress.2214680975.security_groups.#": "0",
                            "ingress.2214680975.self": "false",
                            "ingress.2214680975.to_port": "80",
                            "ingress.2541437006.cidr_blocks.#": "1",
                            "ingress.2541437006.cidr_blocks.0": "0.0.0.0/0",
                            "ingress.2541437006.description": "",
                            "ingress.2541437006.from_port": "22",
                            "ingress.2541437006.ipv6_cidr_blocks.#": "0",
                            "ingress.2541437006.protocol": "tcp",
                            "ingress.2541437006.security_groups.#": "0",
                            "ingress.2541437006.self": "false",
                            "ingress.2541437006.to_port": "22",
                            "ingress.2617001939.cidr_blocks.#": "1",
                            "ingress.2617001939.cidr_blocks.0": "0.0.0.0/0",
                            "ingress.2617001939.description": "",
                            "ingress.2617001939.from_port": "443",
                            "ingress.2617001939.ipv6_cidr_blocks.#": "0",
                            "ingress.2617001939.protocol": "tcp",
                            "ingress.2617001939.security_groups.#": "0",
                            "ingress.2617001939.self": "false",
                            "ingress.2617001939.to_port": "443",
                            "ingress.516175195.cidr_blocks.#": "1",
                            "ingress.516175195.cidr_blocks.0": "0.0.0.0/0",
                            "ingress.516175195.description": "",
                            "ingress.516175195.from_port": "8080",
                            "ingress.516175195.ipv6_cidr_blocks.#": "0",
                            "ingress.516175195.protocol": "tcp",
                            "ingress.516175195.security_groups.#": "0",
                            "ingress.516175195.self": "false",
                            "ingress.516175195.to_port": "8080",
                            "name": "terraform-20180726163814061200000001",
                            "owner_id": "453998991022",
                            "revoke_rules_on_delete": "false",
                            "tags.%": "0",
                            "vpc_id": "vpc-36f5ab50"
                        },
                        "meta": {
                            "e2bfb730-ecaa-11e6-8f88-34363bc7c4c0": {
                                "create": 600000000000,
                                "delete": 600000000000
                            },
                            "schema_version": "1"
                        },
                        "tainted": false
                    },
                    "deposed": [],
                    "provider": "provider.aws"
                },
                "aws_subnet.subnet-a": {
                    "type": "aws_subnet",
                    "depends_on": [
                        "aws_vpc.vpc"
                    ],
                    "primary": {
                        "id": "subnet-bebf68e4",
                        "attributes": {
                            "assign_ipv6_address_on_creation": "false",
                            "availability_zone": "eu-west-1a",
                            "cidr_block": "10.10.10.0/27",
                            "id": "subnet-bebf68e4",
                            "map_public_ip_on_launch": "false",
                            "tags.%": "0",
                            "vpc_id": "vpc-36f5ab50"
                        },
                        "meta": {
                            "schema_version": "1"
                        },
                        "tainted": false
                    },
                    "deposed": [],
                    "provider": "provider.aws"
                },
                "aws_subnet.subnet-b": {
                    "type": "aws_subnet",
                    "depends_on": [
                        "aws_vpc.vpc"
                    ],
                    "primary": {
                        "id": "subnet-c922a8af",
                        "attributes": {
                            "assign_ipv6_address_on_creation": "false",
                            "availability_zone": "eu-west-1b",
                            "cidr_block": "10.10.10.32/27",
                            "id": "subnet-c922a8af",
                            "map_public_ip_on_launch": "false",
                            "tags.%": "0",
                            "vpc_id": "vpc-36f5ab50"
                        },
                        "meta": {
                            "schema_version": "1"
                        },
                        "tainted": false
                    },
                    "deposed": [],
                    "provider": "provider.aws"
                },
                "aws_subnet.subnet-c": {
                    "type": "aws_subnet",
                    "depends_on": [
                        "aws_vpc.vpc"
                    ],
                    "primary": {
                        "id": "subnet-c94c2981",
                        "attributes": {
                            "assign_ipv6_address_on_creation": "false",
                            "availability_zone": "eu-west-1c",
                            "cidr_block": "10.10.10.64/27",
                            "id": "subnet-c94c2981",
                            "map_public_ip_on_launch": "false",
                            "tags.%": "0",
                            "vpc_id": "vpc-36f5ab50"
                        },
                        "meta": {
                            "schema_version": "1"
                        },
                        "tainted": false
                    },
                    "deposed": [],
                    "provider": "provider.aws"
                },
                "aws_vpc.vpc": {
                    "type": "aws_vpc",
                    "depends_on": [],
                    "primary": {
                        "id": "vpc-36f5ab50",
                        "attributes": {
                            "assign_generated_ipv6_cidr_block": "false",
                            "cidr_block": "10.10.10.0/24",
                            "default_network_acl_id": "acl-9a9043e3",
                            "default_route_table_id": "rtb-aaa8e9d3",
                            "default_security_group_id": "sg-5ae36e26",
                            "dhcp_options_id": "dopt-d854c8bf",
                            "enable_classiclink": "false",
                            "enable_classiclink_dns_support": "false",
                            "enable_dns_hostnames": "true",
                            "enable_dns_support": "true",
                            "id": "vpc-36f5ab50",
                            "instance_tenancy": "default",
                            "main_route_table_id": "rtb-aaa8e9d3",
                            "tags.%": "0"
                        },
                        "meta": {
                            "schema_version": "1"
                        },
                        "tainted": false
                    },
                    "deposed": [],
                    "provider": "provider.aws"
                }
            },
            "depends_on": []
        }
    ]
}
